
Microsoft Visual Studio Solution File, Format Version 12.00
# Visual Studio Version 17
VisualStudioVersion = 17.0.31611.283
MinimumVisualStudioVersion = 10.0.40219.1
Project("{2150E333-8FDC-42A3-9474-1A3956D46DE8}") = "Presentations", "Presentations", "{B39EE44A-0776-44E7-8B64-D8572E49B134}"
EndProject
Project("{2150E333-8FDC-42A3-9474-1A3956D46DE8}") = "Windows", "Windows", "{2FD579F3-6496-437C-956B-E6F62B2D2A5A}"
EndProject
Project("{2150E333-8FDC-42A3-9474-1A3956D46DE8}") = "Core", "Core", "{36CB9EBB-A677-4AF0-A0A9-BDEBDE60F123}"
EndProject
Project("{2150E333-8FDC-42A3-9474-1A3956D46DE8}") = "Features", "Features", "{73E66A66-7BCD-44FE-949C-BD42C274B840}"
EndProject
Project("{2150E333-8FDC-42A3-9474-1A3956D46DE8}") = "GitHubFeatures", "GitHubFeatures", "{23A84AFF-0047-4364-9351-E4521D52A26B}"
EndProject
Project("{2150E333-8FDC-42A3-9474-1A3956D46DE8}") = "Apple", "Apple", "{767B8BFD-B663-4A2E-85AB-323D672F5B4D}"
EndProject
Project("{2150E333-8FDC-42A3-9474-1A3956D46DE8}") = "Android", "Android", "{7CEB155B-884F-4995-867D-4CC9145EF87E}"
EndProject
Project("{9A19103F-16F7-4668-BE54-9A1E7A4F7556}") = "MAUIsland.GitHubFeatures", "src\Features\GitHubFeatures\MAUIsland.GitHubFeatures\MAUIsland.GitHubFeatures.csproj", "{B138AC18-EC19-4368-AE0B-CDACD0911650}"
EndProject
Project("{9A19103F-16F7-4668-BE54-9A1E7A4F7556}") = "MAUIsland.GitHubFeatures.IntegrationTests", "src\Features\GitHubFeatures\MAUIsland.GitHubFeatures.IntegrationTests\MAUIsland.GitHubFeatures.IntegrationTests.csproj", "{6F539157-0DE3-407A-8769-EB997EB7AE59}"
EndProject
Project("{9A19103F-16F7-4668-BE54-9A1E7A4F7556}") = "MAUIsland", "src\Presentations\Windows\MAUIsland.csproj", "{72B83E80-9D22-4A44-AB91-253A616A9D9C}"
EndProject
Project("{9A19103F-16F7-4668-BE54-9A1E7A4F7556}") = "MAUIsland.Core", "src\Core\MAUIsland.Core\MAUIsland.Core.csproj", "{A9F55C31-8BED-4021-8F1B-1F5C7D4B2265}"
EndProject
Project("{2150E333-8FDC-42A3-9474-1A3956D46DE8}") = "LocalDbFeatures", "LocalDbFeatures", "{44F9EA87-2C75-4685-B49F-8ECF3CE577CA}"
EndProject
Project("{2150E333-8FDC-42A3-9474-1A3956D46DE8}") = "GitHub", "GitHub", "{966A4C62-0966-4106-A407-A65F27A07986}"
EndProject
Project("{9A19103F-16F7-4668-BE54-9A1E7A4F7556}") = "MAUIsland.Features.LocalDbFeatures.GitHub", "src\Features\LocalDbFeatures\GitHub\MAUIsland.Features.LocalDbFeatures.GitHub\MAUIsland.Features.LocalDbFeatures.GitHub.csproj", "{9C9F69E9-00F8-459F-98CB-100F1A8B8FE4}"
EndProject
Project("{9A19103F-16F7-4668-BE54-9A1E7A4F7556}") = "MAUIsland.Features.LocalDbFeatures", "src\Features\LocalDbFeatures\MAUIsland.Features.LocalDbFeatures\MAUIsland.Features.LocalDbFeatures.csproj", "{97DE63B5-31C0-4C62-843D-43FB6D23EBB1}"
EndProject
Project("{2150E333-8FDC-42A3-9474-1A3956D46DE8}") = "NewsFeatures", "NewsFeatures", "{E323C174-10BB-428C-B9D9-2DF7261FF505}"
EndProject
Project("{FAE04EC0-301F-11D3-BF4B-00C04F79EFBC}") = "MAUIsland.NewsFeatures", "src\Features\NewsFeatures\MAUIsland.NewsFeatures\MAUIsland.NewsFeatures.csproj", "{55DC0378-71D9-4F9D-9593-DBF8C4E048D5}"
EndProject
Project("{FAE04EC0-301F-11D3-BF4B-00C04F79EFBC}") = "MAUIsland.GitHubFeatures.IntegrationTests", "MAUIsland.GitHubFeatures.IntegrationTests\MAUIsland.GitHubFeatures.IntegrationTests.csproj", "{D9DB3E34-851B-4E86-83C1-EA061B90D4C5}"
EndProject
Global
	GlobalSection(SolutionConfigurationPlatforms) = preSolution
		Debug|Any CPU = Debug|Any CPU
		Release|Any CPU = Release|Any CPU
	EndGlobalSection
	GlobalSection(ProjectConfigurationPlatforms) = postSolution
		{B138AC18-EC19-4368-AE0B-CDACD0911650}.Debug|Any CPU.ActiveCfg = Debug|Any CPU
		{B138AC18-EC19-4368-AE0B-CDACD0911650}.Debug|Any CPU.Build.0 = Debug|Any CPU
		{B138AC18-EC19-4368-AE0B-CDACD0911650}.Release|Any CPU.ActiveCfg = Release|Any CPU
		{B138AC18-EC19-4368-AE0B-CDACD0911650}.Release|Any CPU.Build.0 = Release|Any CPU
		{6F539157-0DE3-407A-8769-EB997EB7AE59}.Debug|Any CPU.ActiveCfg = Debug|Any CPU
		{6F539157-0DE3-407A-8769-EB997EB7AE59}.Debug|Any CPU.Build.0 = Debug|Any CPU
		{6F539157-0DE3-407A-8769-EB997EB7AE59}.Release|Any CPU.ActiveCfg = Release|Any CPU
		{6F539157-0DE3-407A-8769-EB997EB7AE59}.Release|Any CPU.Build.0 = Release|Any CPU
		{72B83E80-9D22-4A44-AB91-253A616A9D9C}.Debug|Any CPU.ActiveCfg = Debug|Any CPU
		{72B83E80-9D22-4A44-AB91-253A616A9D9C}.Debug|Any CPU.Build.0 = Debug|Any CPU
		{72B83E80-9D22-4A44-AB91-253A616A9D9C}.Debug|Any CPU.Deploy.0 = Debug|Any CPU
		{72B83E80-9D22-4A44-AB91-253A616A9D9C}.Release|Any CPU.ActiveCfg = Release|Any CPU
		{72B83E80-9D22-4A44-AB91-253A616A9D9C}.Release|Any CPU.Build.0 = Release|Any CPU
		{72B83E80-9D22-4A44-AB91-253A616A9D9C}.Release|Any CPU.Deploy.0 = Release|Any CPU
		{A9F55C31-8BED-4021-8F1B-1F5C7D4B2265}.Debug|Any CPU.ActiveCfg = Debug|Any CPU
		{A9F55C31-8BED-4021-8F1B-1F5C7D4B2265}.Debug|Any CPU.Build.0 = Debug|Any CPU
		{A9F55C31-8BED-4021-8F1B-1F5C7D4B2265}.Release|Any CPU.ActiveCfg = Release|Any CPU
		{A9F55C31-8BED-4021-8F1B-1F5C7D4B2265}.Release|Any CPU.Build.0 = Release|Any CPU
		{9C9F69E9-00F8-459F-98CB-100F1A8B8FE4}.Debug|Any CPU.ActiveCfg = Debug|Any CPU
		{9C9F69E9-00F8-459F-98CB-100F1A8B8FE4}.Debug|Any CPU.Build.0 = Debug|Any CPU
		{9C9F69E9-00F8-459F-98CB-100F1A8B8FE4}.Release|Any CPU.ActiveCfg = Release|Any CPU
		{9C9F69E9-00F8-459F-98CB-100F1A8B8FE4}.Release|Any CPU.Build.0 = Release|Any CPU
		{97DE63B5-31C0-4C62-843D-43FB6D23EBB1}.Debug|Any CPU.ActiveCfg = Debug|Any CPU
		{97DE63B5-31C0-4C62-843D-43FB6D23EBB1}.Debug|Any CPU.Build.0 = Debug|Any CPU
		{97DE63B5-31C0-4C62-843D-43FB6D23EBB1}.Release|Any CPU.ActiveCfg = Release|Any CPU
		{97DE63B5-31C0-4C62-843D-43FB6D23EBB1}.Release|Any CPU.Build.0 = Release|Any CPU
		{55DC0378-71D9-4F9D-9593-DBF8C4E048D5}.Debug|Any CPU.ActiveCfg = Debug|Any CPU
		{55DC0378-71D9-4F9D-9593-DBF8C4E048D5}.Debug|Any CPU.Build.0 = Debug|Any CPU
		{55DC0378-71D9-4F9D-9593-DBF8C4E048D5}.Release|Any CPU.ActiveCfg = Release|Any CPU
		{55DC0378-71D9-4F9D-9593-DBF8C4E048D5}.Release|Any CPU.Build.0 = Release|Any CPU
		{D9DB3E34-851B-4E86-83C1-EA061B90D4C5}.Debug|Any CPU.ActiveCfg = Debug|Any CPU
		{D9DB3E34-851B-4E86-83C1-EA061B90D4C5}.Debug|Any CPU.Build.0 = Debug|Any CPU
		{D9DB3E34-851B-4E86-83C1-EA061B90D4C5}.Release|Any CPU.ActiveCfg = Release|Any CPU
		{D9DB3E34-851B-4E86-83C1-EA061B90D4C5}.Release|Any CPU.Build.0 = Release|Any CPU
	EndGlobalSection
	GlobalSection(SolutionProperties) = preSolution
		HideSolutionNode = FALSE
	EndGlobalSection
	GlobalSection(NestedProjects) = preSolution
		{2FD579F3-6496-437C-956B-E6F62B2D2A5A} = {B39EE44A-0776-44E7-8B64-D8572E49B134}
		{23A84AFF-0047-4364-9351-E4521D52A26B} = {73E66A66-7BCD-44FE-949C-BD42C274B840}
		{767B8BFD-B663-4A2E-85AB-323D672F5B4D} = {B39EE44A-0776-44E7-8B64-D8572E49B134}
		{7CEB155B-884F-4995-867D-4CC9145EF87E} = {B39EE44A-0776-44E7-8B64-D8572E49B134}
		{B138AC18-EC19-4368-AE0B-CDACD0911650} = {23A84AFF-0047-4364-9351-E4521D52A26B}
		{6F539157-0DE3-407A-8769-EB997EB7AE59} = {23A84AFF-0047-4364-9351-E4521D52A26B}
		{72B83E80-9D22-4A44-AB91-253A616A9D9C} = {2FD579F3-6496-437C-956B-E6F62B2D2A5A}
		{A9F55C31-8BED-4021-8F1B-1F5C7D4B2265} = {36CB9EBB-A677-4AF0-A0A9-BDEBDE60F123}
		{44F9EA87-2C75-4685-B49F-8ECF3CE577CA} = {73E66A66-7BCD-44FE-949C-BD42C274B840}
		{966A4C62-0966-4106-A407-A65F27A07986} = {44F9EA87-2C75-4685-B49F-8ECF3CE577CA}
		{9C9F69E9-00F8-459F-98CB-100F1A8B8FE4} = {966A4C62-0966-4106-A407-A65F27A07986}
		{97DE63B5-31C0-4C62-843D-43FB6D23EBB1} = {44F9EA87-2C75-4685-B49F-8ECF3CE577CA}
		{E323C174-10BB-428C-B9D9-2DF7261FF505} = {73E66A66-7BCD-44FE-949C-BD42C274B840}
		{55DC0378-71D9-4F9D-9593-DBF8C4E048D5} = {E323C174-10BB-428C-B9D9-2DF7261FF505}
		{D9DB3E34-851B-4E86-83C1-EA061B90D4C5} = {E323C174-10BB-428C-B9D9-2DF7261FF505}
	EndGlobalSection
	GlobalSection(ExtensibilityGlobals) = postSolution
		SolutionGuid = {61F7FB11-1E47-470C-91E2-47F8143E1572}
	EndGlobalSection
	GlobalSection(MonoDevelopProperties) = preSolution
		Policies = $0
		$0.DotNetNamingPolicy = $1
	EndGlobalSection
EndGlobal
