
Microsoft Visual Studio Solution File, Format Version 12.00
# Visual Studio Version 17
VisualStudioVersion = 17.8.34322.80
MinimumVisualStudioVersion = 10.0.40219.1
Project("{9A19103F-16F7-4668-BE54-9A1E7A4F7556}") = "TestMinIO", "TestMinIO\TestMinIO.csproj", "{26D2CE2C-DF93-48F6-B271-7455951D6F95}"
EndProject
Project("{FAE04EC0-301F-11D3-BF4B-00C04F79EFBC}") = "ApiDependencyForConsoleApp", "ApiDependencyForConsoleApp\ApiDependencyForConsoleApp.csproj", "{E21CBE78-B2F4-4CDB-BDCF-D6E5AF5D3E17}"
EndProject
Global
	GlobalSection(SolutionConfigurationPlatforms) = preSolution
		Debug|Any CPU = Debug|Any CPU
		Release|Any CPU = Release|Any CPU
	EndGlobalSection
	GlobalSection(ProjectConfigurationPlatforms) = postSolution
		{26D2CE2C-DF93-48F6-B271-7455951D6F95}.Debug|Any CPU.ActiveCfg = Debug|Any CPU
		{26D2CE2C-DF93-48F6-B271-7455951D6F95}.Debug|Any CPU.Build.0 = Debug|Any CPU
		{26D2CE2C-DF93-48F6-B271-7455951D6F95}.Release|Any CPU.ActiveCfg = Release|Any CPU
		{26D2CE2C-DF93-48F6-B271-7455951D6F95}.Release|Any CPU.Build.0 = Release|Any CPU
		{E21CBE78-B2F4-4CDB-BDCF-D6E5AF5D3E17}.Debug|Any CPU.ActiveCfg = Debug|Any CPU
		{E21CBE78-B2F4-4CDB-BDCF-D6E5AF5D3E17}.Debug|Any CPU.Build.0 = Debug|Any CPU
		{E21CBE78-B2F4-4CDB-BDCF-D6E5AF5D3E17}.Release|Any CPU.ActiveCfg = Release|Any CPU
		{E21CBE78-B2F4-4CDB-BDCF-D6E5AF5D3E17}.Release|Any CPU.Build.0 = Release|Any CPU
	EndGlobalSection
	GlobalSection(SolutionProperties) = preSolution
		HideSolutionNode = FALSE
	EndGlobalSection
	GlobalSection(ExtensibilityGlobals) = postSolution
		SolutionGuid = {75DAC22F-EE18-48A8-BE99-143B67BF910B}
	EndGlobalSection
EndGlobal
